
Microsoft Visual Studio Solution File, Format Version 12.00
# Visual Studio Version 17
VisualStudioVersion = 17.8.34525.116
MinimumVisualStudioVersion = 10.0.40219.1
Project("{FAE04EC0-301F-11D3-BF4B-00C04F79EFBC}") = "Cont_FSK_Mod_CSharp", "Cont_FSK_Mod_CSharp\Cont_FSK_Mod_CSharp.csproj", "{370B55F3-3FCE-4637-8A42-61A768B9278C}"
EndProject
Global
	GlobalSection(SolutionConfigurationPlatforms) = preSolution
		Debug|Any CPU = Debug|Any CPU
		Release|Any CPU = Release|Any CPU
	EndGlobalSection
	GlobalSection(ProjectConfigurationPlatforms) = postSolution
		{370B55F3-3FCE-4637-8A42-61A768B9278C}.Debug|Any CPU.ActiveCfg = Debug|Any CPU
		{370B55F3-3FCE-4637-8A42-61A768B9278C}.Debug|Any CPU.Build.0 = Debug|Any CPU
		{370B55F3-3FCE-4637-8A42-61A768B9278C}.Release|Any CPU.ActiveCfg = Release|Any CPU
		{370B55F3-3FCE-4637-8A42-61A768B9278C}.Release|Any CPU.Build.0 = Release|Any CPU
	EndGlobalSection
	GlobalSection(SolutionProperties) = preSolution
		HideSolutionNode = FALSE
	EndGlobalSection
	GlobalSection(ExtensibilityGlobals) = postSolution
		SolutionGuid = {4C357711-A5F5-4A60-8DD6-28C285350815}
	EndGlobalSection
EndGlobal
